{
  "name": "ratatui-json-bridge",
  "lockfileVersion": 3,
  "requires": true,
  "packages": {
    "": {
      "name": "ratatui-json-bridge",
      "dependencies": {
        "@json-render/core": "file:vendor/json-render-core-0.21.0.tgz",
        "zod": "4.3.6"
      },
      "engines": {
        "node": ">=22"
      }
    },
    "node_modules/@json-render/core": {
      "version": "0.21.0",
      "resolved": "file:vendor/json-render-core-0.21.0.tgz",
      "integrity": "sha512-qz0Ip51Mukm8V9a+zkokmVInydaPGyPOTHhJVJKY9gUZAvflNPCkeYWTDZWQkH7qmUbin8GcLubRlz3Fezn74w==",
      "license": "Apache-2.0",
      "dependencies": {
        "zod": "4.3.6"
      },
      "peerDependencies": {
        "zod": "^4.0.0"
      }
    },
    "node_modules/zod": {
      "version": "4.3.6",
      "resolved": "https://registry.npmjs.org/zod/-/zod-4.3.6.tgz",
      "integrity": "sha512-rftlrkhHZOcjDwkGlnUtZZkvaPHCsDATp4pGpuOOMDaTdDDXF91wuVDJoWoPsKX/3YPQ5fHuF3STjcYyKr+Qhg==",
      "funding": {
        "url": "https://github.com/sponsors/colinhacks"
      }
    }
  }
}
